<?xml version="1.0" encoding="utf-8"?>
<Project ToolsVersion="4.0" xmlns="http://schemas.microsoft.com/developer/msbuild/2003">
  <ItemGroup>
    <Filter Include="Source Files">
      <UniqueIdentifier>{4FC737F1-C7A5-4376-A066-2A32D752A2FF}</UniqueIdentifier>
      <Extensions>cpp;c;cc;cxx;def;odl;idl;hpj;bat;asm;asmx</Extensions>
    </Filter>
    <Filter Include="Header Files">
      <UniqueIdentifier>{93995380-89BD-4b04-88EB-625FBE52EBFB}</UniqueIdentifier>
      <Extensions>h;hh;hpp;hxx;hm;inl;inc;xsd</Extensions>
    </Filter>
    <Filter Include="Resource Files">
      <UniqueIdentifier>{67DA6AB6-F800-4c08-8B7A-83BB121AAD01}</UniqueIdentifier>
      <Extensions>qrc;rc;ico;cur;bmp;dlg;rc2;rct;bin;rgs;gif;jpg;jpeg;jpe;resx;tiff;tif;png;wav;mfcribbon-ms</Extensions>
    </Filter>
    <Filter Include="Translation Files">
      <UniqueIdentifier>{639EADAA-A684-42e4-A9AD-28FC9BCB8F7C}</UniqueIdentifier>
      <Extensions>ts</Extensions>
    </Filter>
    <Filter Include="Sources Bibliotheques">
      <UniqueIdentifier>{68ace6f3-7624-4063-b7e8-0b2c755fbfc8}</UniqueIdentifier>
    </Filter>
    <Filter Include="Source Files\Vue">
      <UniqueIdentifier>{c50e0be3-f737-4886-b29f-4b226491e986}</UniqueIdentifier>
    </Filter>
    <Filter Include="Source Files\Model">
      <UniqueIdentifier>{f00813d3-a93d-406a-97f4-45c9e4c7d1d1}</UniqueIdentifier>
    </Filter>
    <Filter Include="Header Files\Vue">
      <UniqueIdentifier>{f9db85da-5c4f-439e-a9da-3220ec38629a}</UniqueIdentifier>
    </Filter>
    <Filter Include="Header Files\Model">
      <UniqueIdentifier>{7a6f4a74-1e8f-4fdf-ac0b-de6e6958f500}</UniqueIdentifier>
    </Filter>
  </ItemGroup>
  <ItemGroup>
    <ClCompile Include="main.cpp">
      <Filter>Source Files</Filter>
    </ClCompile>
    <ClCompile Include="bibliotheque_cours\bibliotheque_cours.cpp">
      <Filter>Sources Bibliotheques</Filter>
    </ClCompile>
    <ClCompile Include="bibliotheque_cours\verification_allocation.cpp">
      <Filter>Sources Bibliotheques</Filter>
    </ClCompile>
    <ClCompile Include="googletest\src\gtest-all.cc">
      <Filter>Sources Bibliotheques</Filter>
    </ClCompile>
    <ClCompile Include="InterfaceJeu.cpp">
      <Filter>Source Files\Vue</Filter>
    </ClCompile>
    <ClCompile Include="VuePieceEchec.cpp">
      <Filter>Source Files\Vue</Filter>
    </ClCompile>
    <ClCompile Include="VueCase.cpp">
      <Filter>Source Files\Vue</Filter>
    </ClCompile>
    <ClCompile Include="ModelPieceEchec.cpp">
      <Filter>Source Files\Model</Filter>
    </ClCompile>
    <ClCompile Include="Plateau.cpp">
      <Filter>Source Files\Model</Filter>
    </ClCompile>
    <ClCompile Include="Roi.cpp">
      <Filter>Source Files\Model</Filter>
    </ClCompile>
    <ClCompile Include="Tour.cpp">
      <Filter>Source Files\Model</Filter>
    </ClCompile>
    <ClCompile Include="ModelCase.cpp">
      <Filter>Source Files\Model</Filter>
    </ClCompile>
    <ClCompile Include="Fou.cpp">
      <Filter>Source Files\Model</Filter>
    </ClCompile>
    <ClCompile Include="Bouton.cpp">
      <Filter>Source Files\Vue</Filter>
    </ClCompile>
    <ClCompile Include="TestEchec.cpp">
      <Filter>Source Files</Filter>
    </ClCompile>
  </ItemGroup>
  <ItemGroup>
    <QtMoc Include="VueCase.h">
      <Filter>Header Files\Vue</Filter>
    </QtMoc>
    <QtMoc Include="InterfaceJeu.h">
      <Filter>Header Files\Vue</Filter>
    </QtMoc>
    <QtMoc Include="VuePieceEchec.h">
      <Filter>Header Files\Vue</Filter>
    </QtMoc>
    <QtMoc Include="ModelPieceEchec.h">
      <Filter>Header Files\Model</Filter>
    </QtMoc>
    <QtMoc Include="Plateau.h">
      <Filter>Header Files\Model</Filter>
    </QtMoc>
    <QtMoc Include="ModelCase.h">
      <Filter>Header Files\Model</Filter>
    </QtMoc>
    <QtMoc Include="Bouton.h">
      <Filter>Header Files\Vue</Filter>
    </QtMoc>
  </ItemGroup>
  <ItemGroup>
    <ClInclude Include="Roi.h">
      <Filter>Header Files\Model</Filter>
    </ClInclude>
    <ClInclude Include="Tour.h">
      <Filter>Header Files\Model</Filter>
    </ClInclude>
    <ClInclude Include="StructSpecial.h">
      <Filter>Header Files</Filter>
    </ClInclude>
    <ClInclude Include="Fou.h">
      <Filter>Header Files\Model</Filter>
    </ClInclude>
  </ItemGroup>
</Project>